// !$*UTF8*$!
{
	archiveVersion = 1;
	classes = {
	};
	objectVersion = 56;
	objects = {

/* Begin PBXBuildFile section */
		FF7CB2632B922CCC00383216 /* Note.swift in Sources */ = {isa = PBXBuildFile; fileRef = FF7CB2622B922CCC00383216 /* Note.swift */; };
		FF7CB2652B92336900383216 /* UserDefaults+Codable.swift in Sources */ = {isa = PBXBuildFile; fileRef = FF7CB2642B92336900383216 /* UserDefaults+Codable.swift */; };
		FF7CB2672B92480C00383216 /* NoteDetailVC.swift in Sources */ = {isa = PBXBuildFile; fileRef = FF7CB2662B92480C00383216 /* NoteDetailVC.swift */; };
		FF7CB2692B92593200383216 /* BtCell.swift in Sources */ = {isa = PBXBuildFile; fileRef = FF7CB2682B92593200383216 /* BtCell.swift */; };
		FF9ED2E42B88F0CD0042B0B7 /* Calculadora.xib in Resources */ = {isa = PBXBuildFile; fileRef = FF9ED2E32B88F0CD0042B0B7 /* Calculadora.xib */; };
		FF9ED2E62B8910940042B0B7 /* TableTestVC.swift in Sources */ = {isa = PBXBuildFile; fileRef = FF9ED2E52B8910940042B0B7 /* TableTestVC.swift */; };
		FF9ED2E82B8913BE0042B0B7 /* TestCell.swift in Sources */ = {isa = PBXBuildFile; fileRef = FF9ED2E72B8913BE0042B0B7 /* TestCell.swift */; };
		FF9ED2EA2B8924E10042B0B7 /* NoteListVC.swift in Sources */ = {isa = PBXBuildFile; fileRef = FF9ED2E92B8924E10042B0B7 /* NoteListVC.swift */; };
		FF9ED2EC2B8928160042B0B7 /* NoteCell.swift in Sources */ = {isa = PBXBuildFile; fileRef = FF9ED2EB2B8928160042B0B7 /* NoteCell.swift */; };
		FFA518C12B7FDE10001DC11C /* prueba23.swift in Sources */ = {isa = PBXBuildFile; fileRef = FFA518C02B7FDE10001DC11C /* prueba23.swift */; };
		FFDFE3652B769AB60037C660 /* AppDelegate.swift in Sources */ = {isa = PBXBuildFile; fileRef = FFDFE3642B769AB60037C660 /* AppDelegate.swift */; };
		FFDFE3672B769AB60037C660 /* SceneDelegate.swift in Sources */ = {isa = PBXBuildFile; fileRef = FFDFE3662B769AB60037C660 /* SceneDelegate.swift */; };
		FFDFE3692B769AB60037C660 /* ViewController.swift in Sources */ = {isa = PBXBuildFile; fileRef = FFDFE3682B769AB60037C660 /* ViewController.swift */; };
		FFDFE36C2B769AB60037C660 /* Main.storyboard in Resources */ = {isa = PBXBuildFile; fileRef = FFDFE36A2B769AB60037C660 /* Main.storyboard */; };
		FFDFE36E2B769AB70037C660 /* Assets.xcassets in Resources */ = {isa = PBXBuildFile; fileRef = FFDFE36D2B769AB70037C660 /* Assets.xcassets */; };
		FFDFE3712B769AB70037C660 /* LaunchScreen.storyboard in Resources */ = {isa = PBXBuildFile; fileRef = FFDFE36F2B769AB70037C660 /* LaunchScreen.storyboard */; };
		FFDFE3792B76AF860037C660 /* TestBindingVC.swift in Sources */ = {isa = PBXBuildFile; fileRef = FFDFE3782B76AF860037C660 /* TestBindingVC.swift */; };
/* End PBXBuildFile section */

/* Begin PBXFileReference section */
		FF7CB2622B922CCC00383216 /* Note.swift */ = {isa = PBXFileReference; lastKnownFileType = sourcecode.swift; path = Note.swift; sourceTree = "<group>"; };
		FF7CB2642B92336900383216 /* UserDefaults+Codable.swift */ = {isa = PBXFileReference; lastKnownFileType = sourcecode.swift; path = "UserDefaults+Codable.swift"; sourceTree = "<group>"; };
		FF7CB2662B92480C00383216 /* NoteDetailVC.swift */ = {isa = PBXFileReference; lastKnownFileType = sourcecode.swift; path = NoteDetailVC.swift; sourceTree = "<group>"; };
		FF7CB2682B92593200383216 /* BtCell.swift */ = {isa = PBXFileReference; lastKnownFileType = sourcecode.swift; path = BtCell.swift; sourceTree = "<group>"; };
		FF9ED2E32B88F0CD0042B0B7 /* Calculadora.xib */ = {isa = PBXFileReference; lastKnownFileType = file.xib; path = Calculadora.xib; sourceTree = "<group>"; };
		FF9ED2E52B8910940042B0B7 /* TableTestVC.swift */ = {isa = PBXFileReference; lastKnownFileType = sourcecode.swift; path = TableTestVC.swift; sourceTree = "<group>"; };
		FF9ED2E72B8913BE0042B0B7 /* TestCell.swift */ = {isa = PBXFileReference; lastKnownFileType = sourcecode.swift; path = TestCell.swift; sourceTree = "<group>"; };
		FF9ED2E92B8924E10042B0B7 /* NoteListVC.swift */ = {isa = PBXFileReference; lastKnownFileType = sourcecode.swift; path = NoteListVC.swift; sourceTree = "<group>"; };
		FF9ED2EB2B8928160042B0B7 /* NoteCell.swift */ = {isa = PBXFileReference; lastKnownFileType = sourcecode.swift; path = NoteCell.swift; sourceTree = "<group>"; };
		FFA518C02B7FDE10001DC11C /* prueba23.swift */ = {isa = PBXFileReference; lastKnownFileType = sourcecode.swift; path = prueba23.swift; sourceTree = "<group>"; };
		FFDFE3612B769AB60037C660 /* prueba2.app */ = {isa = PBXFileReference; explicitFileType = wrapper.application; includeInIndex = 0; path = prueba2.app; sourceTree = BUILT_PRODUCTS_DIR; };
		FFDFE3642B769AB60037C660 /* AppDelegate.swift */ = {isa = PBXFileReference; lastKnownFileType = sourcecode.swift; path = AppDelegate.swift; sourceTree = "<group>"; };
		FFDFE3662B769AB60037C660 /* SceneDelegate.swift */ = {isa = PBXFileReference; lastKnownFileType = sourcecode.swift; path = SceneDelegate.swift; sourceTree = "<group>"; };
		FFDFE3682B769AB60037C660 /* ViewController.swift */ = {isa = PBXFileReference; lastKnownFileType = sourcecode.swift; path = ViewController.swift; sourceTree = "<group>"; };
		FFDFE36B2B769AB60037C660 /* Base */ = {isa = PBXFileReference; lastKnownFileType = file.storyboard; name = Base; path = Base.lproj/Main.storyboard; sourceTree = "<group>"; };
		FFDFE36D2B769AB70037C660 /* Assets.xcassets */ = {isa = PBXFileReference; lastKnownFileType = folder.assetcatalog; path = Assets.xcassets; sourceTree = "<group>"; };
		FFDFE3702B769AB70037C660 /* Base */ = {isa = PBXFileReference; lastKnownFileType = file.storyboard; name = Base; path = Base.lproj/LaunchScreen.storyboard; sourceTree = "<group>"; };
		FFDFE3722B769AB70037C660 /* Info.plist */ = {isa = PBXFileReference; lastKnownFileType = text.plist.xml; path = Info.plist; sourceTree = "<group>"; };
		FFDFE3782B76AF860037C660 /* TestBindingVC.swift */ = {isa = PBXFileReference; lastKnownFileType = sourcecode.swift; path = TestBindingVC.swift; sourceTree = "<group>"; };
/* End PBXFileReference section */

/* Begin PBXFrameworksBuildPhase section */
		FFDFE35E2B769AB60037C660 /* Frameworks */ = {
			isa = PBXFrameworksBuildPhase;
			buildActionMask = 2147483647;
			files = (
			);
			runOnlyForDeploymentPostprocessing = 0;
		};
/* End PBXFrameworksBuildPhase section */

/* Begin PBXGroup section */
		FFDFE3582B769AB60037C660 = {
			isa = PBXGroup;
			children = (
				FFDFE3632B769AB60037C660 /* prueba2 */,
				FFDFE3622B769AB60037C660 /* Products */,
			);
			sourceTree = "<group>";
		};
		FFDFE3622B769AB60037C660 /* Products */ = {
			isa = PBXGroup;
			children = (
				FFDFE3612B769AB60037C660 /* prueba2.app */,
			);
			name = Products;
			sourceTree = "<group>";
		};
		FFDFE3632B769AB60037C660 /* prueba2 */ = {
			isa = PBXGroup;
			children = (
				FF7CB2642B92336900383216 /* UserDefaults+Codable.swift */,
				FF7CB2662B92480C00383216 /* NoteDetailVC.swift */,
				FFDFE3642B769AB60037C660 /* AppDelegate.swift */,
				FFDFE3662B769AB60037C660 /* SceneDelegate.swift */,
				FFDFE3682B769AB60037C660 /* ViewController.swift */,
				FFDFE36A2B769AB60037C660 /* Main.storyboard */,
				FFDFE36D2B769AB70037C660 /* Assets.xcassets */,
				FFDFE36F2B769AB70037C660 /* LaunchScreen.storyboard */,
				FFDFE3722B769AB70037C660 /* Info.plist */,
				FFDFE3782B76AF860037C660 /* TestBindingVC.swift */,
				FFA518C02B7FDE10001DC11C /* prueba23.swift */,
				FF9ED2E32B88F0CD0042B0B7 /* Calculadora.xib */,
				FF9ED2E52B8910940042B0B7 /* TableTestVC.swift */,
				FF9ED2E72B8913BE0042B0B7 /* TestCell.swift */,
				FF9ED2E92B8924E10042B0B7 /* NoteListVC.swift */,
				FF9ED2EB2B8928160042B0B7 /* NoteCell.swift */,
				FF7CB2622B922CCC00383216 /* Note.swift */,
				FF7CB2682B92593200383216 /* BtCell.swift */,
			);
			path = prueba2;
			sourceTree = "<group>";
		};
/* End PBXGroup section */

/* Begin PBXNativeTarget section */
		FFDFE3602B769AB60037C660 /* prueba2 */ = {
			isa = PBXNativeTarget;
			buildConfigurationList = FFDFE3752B769AB70037C660 /* Build configuration list for PBXNativeTarget "prueba2" */;
			buildPhases = (
				FFDFE35D2B769AB60037C660 /* Sources */,
				FFDFE35E2B769AB60037C660 /* Frameworks */,
				FFDFE35F2B769AB60037C660 /* Resources */,
			);
			buildRules = (
			);
			dependencies = (
			);
			name = prueba2;
			productName = prueba2;
			productReference = FFDFE3612B769AB60037C660 /* prueba2.app */;
			productType = "com.apple.product-type.application";
		};
/* End PBXNativeTarget section */

/* Begin PBXProject section */
		FFDFE3592B769AB60037C660 /* Project object */ = {
			isa = PBXProject;
			attributes = {
				BuildIndependentTargetsInParallel = 1;
				LastSwiftUpdateCheck = 1500;
				LastUpgradeCheck = 1500;
				TargetAttributes = {
					FFDFE3602B769AB60037C660 = {
						CreatedOnToolsVersion = 15.0.1;
					};
				};
			};
			buildConfigurationList = FFDFE35C2B769AB60037C660 /* Build configuration list for PBXProject "prueba2" */;
			compatibilityVersion = "Xcode 14.0";
			developmentRegion = en;
			hasScannedForEncodings = 0;
			knownRegions = (
				en,
				Base,
			);
			mainGroup = FFDFE3582B769AB60037C660;
			productRefGroup = FFDFE3622B769AB60037C660 /* Products */;
			projectDirPath = "";
			projectRoot = "";
			targets = (
				FFDFE3602B769AB60037C660 /* prueba2 */,
			);
		};
/* End PBXProject section */

/* Begin PBXResourcesBuildPhase section */
		FFDFE35F2B769AB60037C660 /* Resources */ = {
			isa = PBXResourcesBuildPhase;
			buildActionMask = 2147483647;
			files = (
				FF9ED2E42B88F0CD0042B0B7 /* Calculadora.xib in Resources */,
				FFDFE3712B769AB70037C660 /* LaunchScreen.storyboard in Resources */,
				FFDFE36E2B769AB70037C660 /* Assets.xcassets in Resources */,
				FFDFE36C2B769AB60037C660 /* Main.storyboard in Resources */,
			);
			runOnlyForDeploymentPostprocessing = 0;
		};
/* End PBXResourcesBuildPhase section */

/* Begin PBXSourcesBuildPhase section */
		FFDFE35D2B769AB60037C660 /* Sources */ = {
			isa = PBXSourcesBuildPhase;
			buildActionMask = 2147483647;
			files = (
				FF9ED2E82B8913BE0042B0B7 /* TestCell.swift in Sources */,
				FF7CB2692B92593200383216 /* BtCell.swift in Sources */,
				FFDFE3692B769AB60037C660 /* ViewController.swift in Sources */,
				FF9ED2E62B8910940042B0B7 /* TableTestVC.swift in Sources */,
				FFDFE3652B769AB60037C660 /* AppDelegate.swift in Sources */,
				FFDFE3792B76AF860037C660 /* TestBindingVC.swift in Sources */,
				FF7CB2652B92336900383216 /* UserDefaults+Codable.swift in Sources */,
				FF7CB2632B922CCC00383216 /* Note.swift in Sources */,
				FFDFE3672B769AB60037C660 /* SceneDelegate.swift in Sources */,
				FF9ED2EC2B8928160042B0B7 /* NoteCell.swift in Sources */,
				FF9ED2EA2B8924E10042B0B7 /* NoteListVC.swift in Sources */,
				FFA518C12B7FDE10001DC11C /* prueba23.swift in Sources */,
				FF7CB2672B92480C00383216 /* NoteDetailVC.swift in Sources */,
			);
			runOnlyForDeploymentPostprocessing = 0;
		};
/* End PBXSourcesBuildPhase section */

/* Begin PBXVariantGroup section */
		FFDFE36A2B769AB60037C660 /* Main.storyboard */ = {
			isa = PBXVariantGroup;
			children = (
				FFDFE36B2B769AB60037C660 /* Base */,
			);
			name = Main.storyboard;
			sourceTree = "<group>";
		};
		FFDFE36F2B769AB70037C660 /* LaunchScreen.storyboard */ = {
			isa = PBXVariantGroup;
			children = (
				FFDFE3702B769AB70037C660 /* Base */,
			);
			name = LaunchScreen.storyboard;
			sourceTree = "<group>";
		};
/* End PBXVariantGroup section */

/* Begin XCBuildConfiguration section */
		FFDFE3732B769AB70037C660 /* Debug */ = {
			isa = XCBuildConfiguration;
			buildSettings = {
				ALWAYS_SEARCH_USER_PATHS = NO;
				ASSETCATALOG_COMPILER_GENERATE_SWIFT_ASSET_SYMBOL_EXTENSIONS = YES;
				CLANG_ANALYZER_NONNULL = YES;
				CLANG_ANALYZER_NUMBER_OBJECT_CONVERSION = YES_AGGRESSIVE;
				CLANG_CXX_LANGUAGE_STANDARD = "gnu++20";
				CLANG_ENABLE_MODULES = YES;
				CLANG_ENABLE_OBJC_ARC = YES;
				CLANG_ENABLE_OBJC_WEAK = YES;
				CLANG_WARN_BLOCK_CAPTURE_AUTORELEASING = YES;
				CLANG_WARN_BOOL_CONVERSION = YES;
				CLANG_WARN_COMMA = YES;
				CLANG_WARN_CONSTANT_CONVERSION = YES;
				CLANG_WARN_DEPRECATED_OBJC_IMPLEMENTATIONS = YES;
				CLANG_WARN_DIRECT_OBJC_ISA_USAGE = YES_ERROR;
				CLANG_WARN_DOCUMENTATION_COMMENTS = YES;
				CLANG_WARN_EMPTY_BODY = YES;
				CLANG_WARN_ENUM_CONVERSION = YES;
				CLANG_WARN_INFINITE_RECURSION = YES;
				CLANG_WARN_INT_CONVERSION = YES;
				CLANG_WARN_NON_LITERAL_NULL_CONVERSION = YES;
				CLANG_WARN_OBJC_IMPLICIT_RETAIN_SELF = YES;
				CLANG_WARN_OBJC_LITERAL_CONVERSION = YES;
				CLANG_WARN_OBJC_ROOT_CLASS = YES_ERROR;
				CLANG_WARN_QUOTED_INCLUDE_IN_FRAMEWORK_HEADER = YES;
				CLANG_WARN_RANGE_LOOP_ANALYSIS = YES;
				CLANG_WARN_STRICT_PROTOTYPES = YES;
				CLANG_WARN_SUSPICIOUS_MOVE = YES;
				CLANG_WARN_UNGUARDED_AVAILABILITY = YES_AGGRESSIVE;
				CLANG_WARN_UNREACHABLE_CODE = YES;
				CLANG_WARN__DUPLICATE_METHOD_MATCH = YES;
				COPY_PHASE_STRIP = NO;
				DEBUG_INFORMATION_FORMAT = dwarf;
				ENABLE_STRICT_OBJC_MSGSEND = YES;
				ENABLE_TESTABILITY = YES;
				ENABLE_USER_SCRIPT_SANDBOXING = YES;
				GCC_C_LANGUAGE_STANDARD = gnu17;
				GCC_DYNAMIC_NO_PIC = NO;
				GCC_NO_COMMON_BLOCKS = YES;
				GCC_OPTIMIZATION_LEVEL = 0;
				GCC_PREPROCESSOR_DEFINITIONS = (
					"DEBUG=1",
					"$(inherited)",
				);
				GCC_WARN_64_TO_32_BIT_CONVERSION = YES;
				GCC_WARN_ABOUT_RETURN_TYPE = YES_ERROR;
				GCC_WARN_UNDECLARED_SELECTOR = YES;
				GCC_WARN_UNINITIALIZED_AUTOS = YES_AGGRESSIVE;
				GCC_WARN_UNUSED_FUNCTION = YES;
				GCC_WARN_UNUSED_VARIABLE = YES;
				IPHONEOS_DEPLOYMENT_TARGET = 17.0;
				LOCALIZATION_PREFERS_STRING_CATALOGS = YES;
				MTL_ENABLE_DEBUG_INFO = INCLUDE_SOURCE;
				MTL_FAST_MATH = YES;
				ONLY_ACTIVE_ARCH = YES;
				SDKROOT = iphoneos;
				SWIFT_ACTIVE_COMPILATION_CONDITIONS = "DEBUG $(inherited)";
				SWIFT_OPTIMIZATION_LEVEL = "-Onone";
			};
			name = Debug;
		};
		FFDFE3742B769AB70037C660 /* Release */ = {
			isa = XCBuildConfiguration;
			buildSettings = {
				ALWAYS_SEARCH_USER_PATHS = NO;
				ASSETCATALOG_COMPILER_GENERATE_SWIFT_ASSET_SYMBOL_EXTENSIONS = YES;
				CLANG_ANALYZER_NONNULL = YES;
				CLANG_ANALYZER_NUMBER_OBJECT_CONVERSION = YES_AGGRESSIVE;
				CLANG_CXX_LANGUAGE_STANDARD = "gnu++20";
				CLANG_ENABLE_MODULES = YES;
				CLANG_ENABLE_OBJC_ARC = YES;
				CLANG_ENABLE_OBJC_WEAK = YES;
				CLANG_WARN_BLOCK_CAPTURE_AUTORELEASING = YES;
				CLANG_WARN_BOOL_CONVERSION = YES;
				CLANG_WARN_COMMA = YES;
				CLANG_WARN_CONSTANT_CONVERSION = YES;
				CLANG_WARN_DEPRECATED_OBJC_IMPLEMENTATIONS = YES;
				CLANG_WARN_DIRECT_OBJC_ISA_USAGE = YES_ERROR;
				CLANG_WARN_DOCUMENTATION_COMMENTS = YES;
				CLANG_WARN_EMPTY_BODY = YES;
				CLANG_WARN_ENUM_CONVERSION = YES;
				CLANG_WARN_INFINITE_RECURSION = YES;
				CLANG_WARN_INT_CONVERSION = YES;
				CLANG_WARN_NON_LITERAL_NULL_CONVERSION = YES;
				CLANG_WARN_OBJC_IMPLICIT_RETAIN_SELF = YES;
				CLANG_WARN_OBJC_LITERAL_CONVERSION = YES;
				CLANG_WARN_OBJC_ROOT_CLASS = YES_ERROR;
				CLANG_WARN_QUOTED_INCLUDE_IN_FRAMEWORK_HEADER = YES;
				CLANG_WARN_RANGE_LOOP_ANALYSIS = YES;
				CLANG_WARN_STRICT_PROTOTYPES = YES;
				CLANG_WARN_SUSPICIOUS_MOVE = YES;
				CLANG_WARN_UNGUARDED_AVAILABILITY = YES_AGGRESSIVE;
				CLANG_WARN_UNREACHABLE_CODE = YES;
				CLANG_WARN__DUPLICATE_METHOD_MATCH = YES;
				COPY_PHASE_STRIP = NO;
				DEBUG_INFORMATION_FORMAT = "dwarf-with-dsym";
				ENABLE_NS_ASSERTIONS = NO;
				ENABLE_STRICT_OBJC_MSGSEND = YES;
				ENABLE_USER_SCRIPT_SANDBOXING = YES;
				GCC_C_LANGUAGE_STANDARD = gnu17;
				GCC_NO_COMMON_BLOCKS = YES;
				GCC_WARN_64_TO_32_BIT_CONVERSION = YES;
				GCC_WARN_ABOUT_RETURN_TYPE = YES_ERROR;
				GCC_WARN_UNDECLARED_SELECTOR = YES;
				GCC_WARN_UNINITIALIZED_AUTOS = YES_AGGRESSIVE;
				GCC_WARN_UNUSED_FUNCTION = YES;
				GCC_WARN_UNUSED_VARIABLE = YES;
				IPHONEOS_DEPLOYMENT_TARGET = 17.0;
				LOCALIZATION_PREFERS_STRING_CATALOGS = YES;
				MTL_ENABLE_DEBUG_INFO = NO;
				MTL_FAST_MATH = YES;
				SDKROOT = iphoneos;
				SWIFT_COMPILATION_MODE = wholemodule;
				VALIDATE_PRODUCT = YES;
			};
			name = Release;
		};
		FFDFE3762B769AB70037C660 /* Debug */ = {
			isa = XCBuildConfiguration;
			buildSettings = {
				ASSETCATALOG_COMPILER_APPICON_NAME = AppIcon;
				ASSETCATALOG_COMPILER_GLOBAL_ACCENT_COLOR_NAME = AccentColor;
				CODE_SIGN_STYLE = Automatic;
				CURRENT_PROJECT_VERSION = 1;
				DEVELOPMENT_TEAM = M8JJA8WSC7;
				GENERATE_INFOPLIST_FILE = YES;
				INFOPLIST_FILE = prueba2/Info.plist;
				INFOPLIST_KEY_UIApplicationSupportsIndirectInputEvents = YES;
				INFOPLIST_KEY_UILaunchStoryboardName = LaunchScreen;
				INFOPLIST_KEY_UIMainStoryboardFile = Main;
				INFOPLIST_KEY_UISupportedInterfaceOrientations_iPad = "UIInterfaceOrientationPortrait UIInterfaceOrientationPortraitUpsideDown UIInterfaceOrientationLandscapeLeft UIInterfaceOrientationLandscapeRight";
				INFOPLIST_KEY_UISupportedInterfaceOrientations_iPhone = "UIInterfaceOrientationPortrait UIInterfaceOrientationLandscapeLeft UIInterfaceOrientationLandscapeRight";
				LD_RUNPATH_SEARCH_PATHS = (
					"$(inherited)",
					"@executable_path/Frameworks",
				);
				MARKETING_VERSION = 1.0;
				PRODUCT_BUNDLE_IDENTIFIER = Prueba2.prueba2;
				PRODUCT_NAME = "$(TARGET_NAME)";
				SWIFT_EMIT_LOC_STRINGS = YES;
				SWIFT_VERSION = 5.0;
				TARGETED_DEVICE_FAMILY = "1,2";
			};
			name = Debug;
		};
		FFDFE3772B769AB70037C660 /* Release */ = {
			isa = XCBuildConfiguration;
			buildSettings = {
				ASSETCATALOG_COMPILER_APPICON_NAME = AppIcon;
				ASSETCATALOG_COMPILER_GLOBAL_ACCENT_COLOR_NAME = AccentColor;
				CODE_SIGN_STYLE = Automatic;
				CURRENT_PROJECT_VERSION = 1;
				DEVELOPMENT_TEAM = M8JJA8WSC7;
				GENERATE_INFOPLIST_FILE = YES;
				INFOPLIST_FILE = prueba2/Info.plist;
				INFOPLIST_KEY_UIApplicationSupportsIndirectInputEvents = YES;
				INFOPLIST_KEY_UILaunchStoryboardName = LaunchScreen;
				INFOPLIST_KEY_UIMainStoryboardFile = Main;
				INFOPLIST_KEY_UISupportedInterfaceOrientations_iPad = "UIInterfaceOrientationPortrait UIInterfaceOrientationPortraitUpsideDown UIInterfaceOrientationLandscapeLeft UIInterfaceOrientationLandscapeRight";
				INFOPLIST_KEY_UISupportedInterfaceOrientations_iPhone = "UIInterfaceOrientationPortrait UIInterfaceOrientationLandscapeLeft UIInterfaceOrientationLandscapeRight";
				LD_RUNPATH_SEARCH_PATHS = (
					"$(inherited)",
					"@executable_path/Frameworks",
				);
				MARKETING_VERSION = 1.0;
				PRODUCT_BUNDLE_IDENTIFIER = Prueba2.prueba2;
				PRODUCT_NAME = "$(TARGET_NAME)";
				SWIFT_EMIT_LOC_STRINGS = YES;
				SWIFT_VERSION = 5.0;
				TARGETED_DEVICE_FAMILY = "1,2";
			};
			name = Release;
		};
/* End XCBuildConfiguration section */

/* Begin XCConfigurationList section */
		FFDFE35C2B769AB60037C660 /* Build configuration list for PBXProject "prueba2" */ = {
			isa = XCConfigurationList;
			buildConfigurations = (
				FFDFE3732B769AB70037C660 /* Debug */,
				FFDFE3742B769AB70037C660 /* Release */,
			);
			defaultConfigurationIsVisible = 0;
			defaultConfigurationName = Release;
		};
		FFDFE3752B769AB70037C660 /* Build configuration list for PBXNativeTarget "prueba2" */ = {
			isa = XCConfigurationList;
			buildConfigurations = (
				FFDFE3762B769AB70037C660 /* Debug */,
				FFDFE3772B769AB70037C660 /* Release */,
			);
			defaultConfigurationIsVisible = 0;
			defaultConfigurationName = Release;
		};
/* End XCConfigurationList section */
	};
	rootObject = FFDFE3592B769AB60037C660 /* Project object */;
}
